PODS:
  - Masonry (0.6.3)
  - YYKit (0.2.0):
    - YYKit/no-arc (= 0.2.0)
  - YYKit/no-arc (0.2.0)

DEPENDENCIES:
  - Masonry (~> 0.6.3)
  - YYKit (~> 0.2.0)

SPEC CHECKSUMS:
  Masonry: ff105a956abcd19a618b2028b121cb638d7a8e2f
  YYKit: 1bd14a07d96fb80d08471a8a07c5e3425a3d2a45

PODFILE CHECKSUM: 38ccb09dcac3b2f5cba34b7f6d169886b6079aef

COCOAPODS: 1.2.0.beta.3
