// !$*UTF8*$!
{
	archiveVersion = 1;
	classes = {
	};
	objectVersion = 46;
	objects = {

/* Begin PBXBuildFile section */
		81B006DD18EF3CBEFCC43B39 /* libPods-SYLJQRCode.a in Frameworks */ = {isa = PBXBuildFile; fileRef = 6390BD9EDFD12DE93A609767 /* libPods-SYLJQRCode.a */; };
		852772DB1E28B82500597B62 /* UIFont+SYLJAdd.m in Sources */ = {isa = PBXBuildFile; fileRef = 852772CF1E28B82500597B62 /* UIFont+SYLJAdd.m */; };
		852772DC1E28B82500597B62 /* UILabel+SYLJAdd.m in Sources */ = {isa = PBXBuildFile; fileRef = 852772D11E28B82500597B62 /* UILabel+SYLJAdd.m */; };
		852772DD1E28B82500597B62 /* SYLJQRCode.bundle in Resources */ = {isa = PBXBuildFile; fileRef = 852772D31E28B82500597B62 /* SYLJQRCode.bundle */; };
		852772DF1E28B82500597B62 /* SYLJScanQRCodeViewController.m in Sources */ = {isa = PBXBuildFile; fileRef = 852772D71E28B82500597B62 /* SYLJScanQRCodeViewController.m */; };
		85E455521E24892D00F3AC6E /* main.m in Sources */ = {isa = PBXBuildFile; fileRef = 85E455511E24892D00F3AC6E /* main.m */; };
		85E455551E24892D00F3AC6E /* AppDelegate.m in Sources */ = {isa = PBXBuildFile; fileRef = 85E455541E24892D00F3AC6E /* AppDelegate.m */; };
		85E455581E24892D00F3AC6E /* ViewController.m in Sources */ = {isa = PBXBuildFile; fileRef = 85E455571E24892D00F3AC6E /* ViewController.m */; };
		85E4555B1E24892D00F3AC6E /* Main.storyboard in Resources */ = {isa = PBXBuildFile; fileRef = 85E455591E24892D00F3AC6E /* Main.storyboard */; };
		85E4555D1E24892D00F3AC6E /* Assets.xcassets in Resources */ = {isa = PBXBuildFile; fileRef = 85E4555C1E24892D00F3AC6E /* Assets.xcassets */; };
		85E455601E24892D00F3AC6E /* LaunchScreen.storyboard in Resources */ = {isa = PBXBuildFile; fileRef = 85E4555E1E24892D00F3AC6E /* LaunchScreen.storyboard */; };
/* End PBXBuildFile section */

/* Begin PBXFileReference section */
		57AA9E13C15E43666C59DEB9 /* Pods-SYLJQRCode.release.xcconfig */ = {isa = PBXFileReference; includeInIndex = 1; lastKnownFileType = text.xcconfig; name = "Pods-SYLJQRCode.release.xcconfig"; path = "Pods/Target Support Files/Pods-SYLJQRCode/Pods-SYLJQRCode.release.xcconfig"; sourceTree = "<group>"; };
		6390BD9EDFD12DE93A609767 /* libPods-SYLJQRCode.a */ = {isa = PBXFileReference; explicitFileType = archive.ar; includeInIndex = 0; path = "libPods-SYLJQRCode.a"; sourceTree = BUILT_PRODUCTS_DIR; };
		852772CE1E28B82500597B62 /* UIFont+SYLJAdd.h */ = {isa = PBXFileReference; fileEncoding = 4; lastKnownFileType = sourcecode.c.h; path = "UIFont+SYLJAdd.h"; sourceTree = "<group>"; };
		852772CF1E28B82500597B62 /* UIFont+SYLJAdd.m */ = {isa = PBXFileReference; fileEncoding = 4; lastKnownFileType = sourcecode.c.objc; path = "UIFont+SYLJAdd.m"; sourceTree = "<group>"; };
		852772D01E28B82500597B62 /* UILabel+SYLJAdd.h */ = {isa = PBXFileReference; fileEncoding = 4; lastKnownFileType = sourcecode.c.h; path = "UILabel+SYLJAdd.h"; sourceTree = "<group>"; };
		852772D11E28B82500597B62 /* UILabel+SYLJAdd.m */ = {isa = PBXFileReference; fileEncoding = 4; lastKnownFileType = sourcecode.c.objc; path = "UILabel+SYLJAdd.m"; sourceTree = "<group>"; };
		852772D31E28B82500597B62 /* SYLJQRCode.bundle */ = {isa = PBXFileReference; lastKnownFileType = "wrapper.plug-in"; path = SYLJQRCode.bundle; sourceTree = "<group>"; };
		852772D61E28B82500597B62 /* SYLJScanQRCodeViewController.h */ = {isa = PBXFileReference; fileEncoding = 4; lastKnownFileType = sourcecode.c.h; path = SYLJScanQRCodeViewController.h; sourceTree = "<group>"; };
		852772D71E28B82500597B62 /* SYLJScanQRCodeViewController.m */ = {isa = PBXFileReference; fileEncoding = 4; lastKnownFileType = sourcecode.c.objc; path = SYLJScanQRCodeViewController.m; sourceTree = "<group>"; };
		852772DA1E28B82500597B62 /* SYLJMacro.h */ = {isa = PBXFileReference; fileEncoding = 4; lastKnownFileType = sourcecode.c.h; path = SYLJMacro.h; sourceTree = "<group>"; };
		85E4554D1E24892D00F3AC6E /* SYLJQRCode.app */ = {isa = PBXFileReference; explicitFileType = wrapper.application; includeInIndex = 0; path = SYLJQRCode.app; sourceTree = BUILT_PRODUCTS_DIR; };
		85E455511E24892D00F3AC6E /* main.m */ = {isa = PBXFileReference; lastKnownFileType = sourcecode.c.objc; path = main.m; sourceTree = "<group>"; };
		85E455531E24892D00F3AC6E /* AppDelegate.h */ = {isa = PBXFileReference; lastKnownFileType = sourcecode.c.h; path = AppDelegate.h; sourceTree = "<group>"; };
		85E455541E24892D00F3AC6E /* AppDelegate.m */ = {isa = PBXFileReference; lastKnownFileType = sourcecode.c.objc; path = AppDelegate.m; sourceTree = "<group>"; };
		85E455561E24892D00F3AC6E /* ViewController.h */ = {isa = PBXFileReference; lastKnownFileType = sourcecode.c.h; path = ViewController.h; sourceTree = "<group>"; };
		85E455571E24892D00F3AC6E /* ViewController.m */ = {isa = PBXFileReference; lastKnownFileType = sourcecode.c.objc; path = ViewController.m; sourceTree = "<group>"; };
		85E4555A1E24892D00F3AC6E /* Base */ = {isa = PBXFileReference; lastKnownFileType = file.storyboard; name = Base; path = Base.lproj/Main.storyboard; sourceTree = "<group>"; };
		85E4555C1E24892D00F3AC6E /* Assets.xcassets */ = {isa = PBXFileReference; lastKnownFileType = folder.assetcatalog; path = Assets.xcassets; sourceTree = "<group>"; };
		85E4555F1E24892D00F3AC6E /* Base */ = {isa = PBXFileReference; lastKnownFileType = file.storyboard; name = Base; path = Base.lproj/LaunchScreen.storyboard; sourceTree = "<group>"; };
		85E455611E24892D00F3AC6E /* Info.plist */ = {isa = PBXFileReference; lastKnownFileType = text.plist.xml; path = Info.plist; sourceTree = "<group>"; };
		9559F1132BBB9AA105ABC1F3 /* Pods-SYLJQRCode.debug.xcconfig */ = {isa = PBXFileReference; includeInIndex = 1; lastKnownFileType = text.xcconfig; name = "Pods-SYLJQRCode.debug.xcconfig"; path = "Pods/Target Support Files/Pods-SYLJQRCode/Pods-SYLJQRCode.debug.xcconfig"; sourceTree = "<group>"; };
/* End PBXFileReference section */

/* Begin PBXFrameworksBuildPhase section */
		85E4554A1E24892D00F3AC6E /* Frameworks */ = {
			isa = PBXFrameworksBuildPhase;
			buildActionMask = 2147483647;
			files = (
				81B006DD18EF3CBEFCC43B39 /* libPods-SYLJQRCode.a in Frameworks */,
			);
			runOnlyForDeploymentPostprocessing = 0;
		};
/* End PBXFrameworksBuildPhase section */

/* Begin PBXGroup section */
		206544AF405B8E187144A947 /* Pods */ = {
			isa = PBXGroup;
			children = (
				9559F1132BBB9AA105ABC1F3 /* Pods-SYLJQRCode.debug.xcconfig */,
				57AA9E13C15E43666C59DEB9 /* Pods-SYLJQRCode.release.xcconfig */,
			);
			name = Pods;
			sourceTree = "<group>";
		};
		27C88F44535CD8AB570B8E45 /* Frameworks */ = {
			isa = PBXGroup;
			children = (
				6390BD9EDFD12DE93A609767 /* libPods-SYLJQRCode.a */,
			);
			name = Frameworks;
			sourceTree = "<group>";
		};
		852772CC1E28B82500597B62 /* SYLJQRCode */ = {
			isa = PBXGroup;
			children = (
				852772CD1E28B82500597B62 /* SYLJCategories */,
				852772D21E28B82500597B62 /* SYLJScanner */,
				852772D81E28B82500597B62 /* SYLJTools */,
			);
			path = SYLJQRCode;
			sourceTree = "<group>";
		};
		852772CD1E28B82500597B62 /* SYLJCategories */ = {
			isa = PBXGroup;
			children = (
				852772CE1E28B82500597B62 /* UIFont+SYLJAdd.h */,
				852772CF1E28B82500597B62 /* UIFont+SYLJAdd.m */,
				852772D01E28B82500597B62 /* UILabel+SYLJAdd.h */,
				852772D11E28B82500597B62 /* UILabel+SYLJAdd.m */,
			);
			path = SYLJCategories;
			sourceTree = "<group>";
		};
		852772D21E28B82500597B62 /* SYLJScanner */ = {
			isa = PBXGroup;
			children = (
				852772D31E28B82500597B62 /* SYLJQRCode.bundle */,
				852772D61E28B82500597B62 /* SYLJScanQRCodeViewController.h */,
				852772D71E28B82500597B62 /* SYLJScanQRCodeViewController.m */,
			);
			path = SYLJScanner;
			sourceTree = "<group>";
		};
		852772D81E28B82500597B62 /* SYLJTools */ = {
			isa = PBXGroup;
			children = (
				852772D91E28B82500597B62 /* Macrodefinition */,
			);
			path = SYLJTools;
			sourceTree = "<group>";
		};
		852772D91E28B82500597B62 /* Macrodefinition */ = {
			isa = PBXGroup;
			children = (
				852772DA1E28B82500597B62 /* SYLJMacro.h */,
			);
			path = Macrodefinition;
			sourceTree = "<group>";
		};
		85E455441E24892D00F3AC6E = {
			isa = PBXGroup;
			children = (
				85E4554F1E24892D00F3AC6E /* SYLJQRCode */,
				85E4554E1E24892D00F3AC6E /* Products */,
				206544AF405B8E187144A947 /* Pods */,
				27C88F44535CD8AB570B8E45 /* Frameworks */,
			);
			sourceTree = "<group>";
		};
		85E4554E1E24892D00F3AC6E /* Products */ = {
			isa = PBXGroup;
			children = (
				85E4554D1E24892D00F3AC6E /* SYLJQRCode.app */,
			);
			name = Products;
			sourceTree = "<group>";
		};
		85E4554F1E24892D00F3AC6E /* SYLJQRCode */ = {
			isa = PBXGroup;
			children = (
				852772CC1E28B82500597B62 /* SYLJQRCode */,
				85E455531E24892D00F3AC6E /* AppDelegate.h */,
				85E455541E24892D00F3AC6E /* AppDelegate.m */,
				85E455561E24892D00F3AC6E /* ViewController.h */,
				85E455571E24892D00F3AC6E /* ViewController.m */,
				85E455591E24892D00F3AC6E /* Main.storyboard */,
				85E4555C1E24892D00F3AC6E /* Assets.xcassets */,
				85E4555E1E24892D00F3AC6E /* LaunchScreen.storyboard */,
				85E455611E24892D00F3AC6E /* Info.plist */,
				85E455501E24892D00F3AC6E /* Supporting Files */,
			);
			path = SYLJQRCode;
			sourceTree = "<group>";
		};
		85E455501E24892D00F3AC6E /* Supporting Files */ = {
			isa = PBXGroup;
			children = (
				85E455511E24892D00F3AC6E /* main.m */,
			);
			name = "Supporting Files";
			sourceTree = "<group>";
		};
/* End PBXGroup section */

/* Begin PBXNativeTarget section */
		85E4554C1E24892D00F3AC6E /* SYLJQRCode */ = {
			isa = PBXNativeTarget;
			buildConfigurationList = 85E455641E24892D00F3AC6E /* Build configuration list for PBXNativeTarget "SYLJQRCode" */;
			buildPhases = (
				5DBDB6FC073CE21A075A43CB /* [CP] Check Pods Manifest.lock */,
				85E455491E24892D00F3AC6E /* Sources */,
				85E4554A1E24892D00F3AC6E /* Frameworks */,
				85E4554B1E24892D00F3AC6E /* Resources */,
				03F7B69FF9205BF52834869C /* [CP] Embed Pods Frameworks */,
				94B65697B57B9FFD794A81EB /* [CP] Copy Pods Resources */,
			);
			buildRules = (
			);
			dependencies = (
			);
			name = SYLJQRCode;
			productName = SYLJQRCode;
			productReference = 85E4554D1E24892D00F3AC6E /* SYLJQRCode.app */;
			productType = "com.apple.product-type.application";
		};
/* End PBXNativeTarget section */

/* Begin PBXProject section */
		85E455451E24892D00F3AC6E /* Project object */ = {
			isa = PBXProject;
			attributes = {
				LastUpgradeCheck = 0820;
				ORGANIZATIONNAME = "刘俊";
				TargetAttributes = {
					85E4554C1E24892D00F3AC6E = {
						CreatedOnToolsVersion = 8.2.1;
						DevelopmentTeam = 5KGS3CDGJG;
						ProvisioningStyle = Automatic;
					};
				};
			};
			buildConfigurationList = 85E455481E24892D00F3AC6E /* Build configuration list for PBXProject "SYLJQRCode" */;
			compatibilityVersion = "Xcode 3.2";
			developmentRegion = English;
			hasScannedForEncodings = 0;
			knownRegions = (
				en,
				Base,
			);
			mainGroup = 85E455441E24892D00F3AC6E;
			productRefGroup = 85E4554E1E24892D00F3AC6E /* Products */;
			projectDirPath = "";
			projectRoot = "";
			targets = (
				85E4554C1E24892D00F3AC6E /* SYLJQRCode */,
			);
		};
/* End PBXProject section */

/* Begin PBXResourcesBuildPhase section */
		85E4554B1E24892D00F3AC6E /* Resources */ = {
			isa = PBXResourcesBuildPhase;
			buildActionMask = 2147483647;
			files = (
				85E455601E24892D00F3AC6E /* LaunchScreen.storyboard in Resources */,
				852772DD1E28B82500597B62 /* SYLJQRCode.bundle in Resources */,
				85E4555D1E24892D00F3AC6E /* Assets.xcassets in Resources */,
				85E4555B1E24892D00F3AC6E /* Main.storyboard in Resources */,
			);
			runOnlyForDeploymentPostprocessing = 0;
		};
/* End PBXResourcesBuildPhase section */

/* Begin PBXShellScriptBuildPhase section */
		03F7B69FF9205BF52834869C /* [CP] Embed Pods Frameworks */ = {
			isa = PBXShellScriptBuildPhase;
			buildActionMask = 2147483647;
			files = (
			);
			inputPaths = (
			);
			name = "[CP] Embed Pods Frameworks";
			outputPaths = (
			);
			runOnlyForDeploymentPostprocessing = 0;
			shellPath = /bin/sh;
			shellScript = "\"${SRCROOT}/Pods/Target Support Files/Pods-SYLJQRCode/Pods-SYLJQRCode-frameworks.sh\"\n";
			showEnvVarsInLog = 0;
		};
		5DBDB6FC073CE21A075A43CB /* [CP] Check Pods Manifest.lock */ = {
			isa = PBXShellScriptBuildPhase;
			buildActionMask = 2147483647;
			files = (
			);
			inputPaths = (
			);
			name = "[CP] Check Pods Manifest.lock";
			outputPaths = (
			);
			runOnlyForDeploymentPostprocessing = 0;
			shellPath = /bin/sh;
			shellScript = "diff \"${PODS_ROOT}/../Podfile.lock\" \"${PODS_ROOT}/Manifest.lock\" > /dev/null\nif [ $? != 0 ] ; then\n    # print error to STDERR\n    echo \"error: The sandbox is not in sync with the Podfile.lock. Run 'pod install' or update your CocoaPods installation.\" >&2\n    exit 1\nfi\n";
			showEnvVarsInLog = 0;
		};
		94B65697B57B9FFD794A81EB /* [CP] Copy Pods Resources */ = {
			isa = PBXShellScriptBuildPhase;
			buildActionMask = 2147483647;
			files = (
			);
			inputPaths = (
			);
			name = "[CP] Copy Pods Resources";
			outputPaths = (
			);
			runOnlyForDeploymentPostprocessing = 0;
			shellPath = /bin/sh;
			shellScript = "\"${SRCROOT}/Pods/Target Support Files/Pods-SYLJQRCode/Pods-SYLJQRCode-resources.sh\"\n";
			showEnvVarsInLog = 0;
		};
/* End PBXShellScriptBuildPhase section */

/* Begin PBXSourcesBuildPhase section */
		85E455491E24892D00F3AC6E /* Sources */ = {
			isa = PBXSourcesBuildPhase;
			buildActionMask = 2147483647;
			files = (
				85E455581E24892D00F3AC6E /* ViewController.m in Sources */,
				852772DC1E28B82500597B62 /* UILabel+SYLJAdd.m in Sources */,
				85E455551E24892D00F3AC6E /* AppDelegate.m in Sources */,
				852772DB1E28B82500597B62 /* UIFont+SYLJAdd.m in Sources */,
				852772DF1E28B82500597B62 /* SYLJScanQRCodeViewController.m in Sources */,
				85E455521E24892D00F3AC6E /* main.m in Sources */,
			);
			runOnlyForDeploymentPostprocessing = 0;
		};
/* End PBXSourcesBuildPhase section */

/* Begin PBXVariantGroup section */
		85E455591E24892D00F3AC6E /* Main.storyboard */ = {
			isa = PBXVariantGroup;
			children = (
				85E4555A1E24892D00F3AC6E /* Base */,
			);
			name = Main.storyboard;
			sourceTree = "<group>";
		};
		85E4555E1E24892D00F3AC6E /* LaunchScreen.storyboard */ = {
			isa = PBXVariantGroup;
			children = (
				85E4555F1E24892D00F3AC6E /* Base */,
			);
			name = LaunchScreen.storyboard;
			sourceTree = "<group>";
		};
/* End PBXVariantGroup section */

/* Begin XCBuildConfiguration section */
		85E455621E24892D00F3AC6E /* Debug */ = {
			isa = XCBuildConfiguration;
			buildSettings = {
				ALWAYS_SEARCH_USER_PATHS = NO;
				CLANG_ANALYZER_NONNULL = YES;
				CLANG_CXX_LANGUAGE_STANDARD = "gnu++0x";
				CLANG_CXX_LIBRARY = "libc++";
				CLANG_ENABLE_MODULES = YES;
				CLANG_ENABLE_OBJC_ARC = YES;
				CLANG_WARN_BOOL_CONVERSION = YES;
				CLANG_WARN_CONSTANT_CONVERSION = YES;
				CLANG_WARN_DIRECT_OBJC_ISA_USAGE = YES_ERROR;
				CLANG_WARN_DOCUMENTATION_COMMENTS = YES;
				CLANG_WARN_EMPTY_BODY = YES;
				CLANG_WARN_ENUM_CONVERSION = YES;
				CLANG_WARN_INFINITE_RECURSION = YES;
				CLANG_WARN_INT_CONVERSION = YES;
				CLANG_WARN_OBJC_ROOT_CLASS = YES_ERROR;
				CLANG_WARN_SUSPICIOUS_MOVE = YES;
				CLANG_WARN_UNREACHABLE_CODE = YES;
				CLANG_WARN__DUPLICATE_METHOD_MATCH = YES;
				"CODE_SIGN_IDENTITY[sdk=iphoneos*]" = "iPhone Developer";
				COPY_PHASE_STRIP = NO;
				DEBUG_INFORMATION_FORMAT = dwarf;
				ENABLE_STRICT_OBJC_MSGSEND = YES;
				ENABLE_TESTABILITY = YES;
				GCC_C_LANGUAGE_STANDARD = gnu99;
				GCC_DYNAMIC_NO_PIC = NO;
				GCC_NO_COMMON_BLOCKS = YES;
				GCC_OPTIMIZATION_LEVEL = 0;
				GCC_PREPROCESSOR_DEFINITIONS = (
					"DEBUG=1",
					"$(inherited)",
				);
				GCC_WARN_64_TO_32_BIT_CONVERSION = YES;
				GCC_WARN_ABOUT_RETURN_TYPE = YES_ERROR;
				GCC_WARN_UNDECLARED_SELECTOR = YES;
				GCC_WARN_UNINITIALIZED_AUTOS = YES_AGGRESSIVE;
				GCC_WARN_UNUSED_FUNCTION = YES;
				GCC_WARN_UNUSED_VARIABLE = YES;
				IPHONEOS_DEPLOYMENT_TARGET = 10.2;
				MTL_ENABLE_DEBUG_INFO = YES;
				ONLY_ACTIVE_ARCH = YES;
				SDKROOT = iphoneos;
			};
			name = Debug;
		};
		85E455631E24892D00F3AC6E /* Release */ = {
			isa = XCBuildConfiguration;
			buildSettings = {
				ALWAYS_SEARCH_USER_PATHS = NO;
				CLANG_ANALYZER_NONNULL = YES;
				CLANG_CXX_LANGUAGE_STANDARD = "gnu++0x";
				CLANG_CXX_LIBRARY = "libc++";
				CLANG_ENABLE_MODULES = YES;
				CLANG_ENABLE_OBJC_ARC = YES;
				CLANG_WARN_BOOL_CONVERSION = YES;
				CLANG_WARN_CONSTANT_CONVERSION = YES;
				CLANG_WARN_DIRECT_OBJC_ISA_USAGE = YES_ERROR;
				CLANG_WARN_DOCUMENTATION_COMMENTS = YES;
				CLANG_WARN_EMPTY_BODY = YES;
				CLANG_WARN_ENUM_CONVERSION = YES;
				CLANG_WARN_INFINITE_RECURSION = YES;
				CLANG_WARN_INT_CONVERSION = YES;
				CLANG_WARN_OBJC_ROOT_CLASS = YES_ERROR;
				CLANG_WARN_SUSPICIOUS_MOVE = YES;
				CLANG_WARN_UNREACHABLE_CODE = YES;
				CLANG_WARN__DUPLICATE_METHOD_MATCH = YES;
				"CODE_SIGN_IDENTITY[sdk=iphoneos*]" = "iPhone Developer";
				COPY_PHASE_STRIP = NO;
				DEBUG_INFORMATION_FORMAT = "dwarf-with-dsym";
				ENABLE_NS_ASSERTIONS = NO;
				ENABLE_STRICT_OBJC_MSGSEND = YES;
				GCC_C_LANGUAGE_STANDARD = gnu99;
				GCC_NO_COMMON_BLOCKS = YES;
				GCC_WARN_64_TO_32_BIT_CONVERSION = YES;
				GCC_WARN_ABOUT_RETURN_TYPE = YES_ERROR;
				GCC_WARN_UNDECLARED_SELECTOR = YES;
				GCC_WARN_UNINITIALIZED_AUTOS = YES_AGGRESSIVE;
				GCC_WARN_UNUSED_FUNCTION = YES;
				GCC_WARN_UNUSED_VARIABLE = YES;
				IPHONEOS_DEPLOYMENT_TARGET = 10.2;
				MTL_ENABLE_DEBUG_INFO = NO;
				SDKROOT = iphoneos;
				VALIDATE_PRODUCT = YES;
			};
			name = Release;
		};
		85E455651E24892D00F3AC6E /* Debug */ = {
			isa = XCBuildConfiguration;
			baseConfigurationReference = 9559F1132BBB9AA105ABC1F3 /* Pods-SYLJQRCode.debug.xcconfig */;
			buildSettings = {
				ASSETCATALOG_COMPILER_APPICON_NAME = AppIcon;
				DEVELOPMENT_TEAM = 5KGS3CDGJG;
				INFOPLIST_FILE = SYLJQRCode/Info.plist;
				LD_RUNPATH_SEARCH_PATHS = "$(inherited) @executable_path/Frameworks";
				PRODUCT_BUNDLE_IDENTIFIER = xinghuwan.SYLJQRCode;
				PRODUCT_NAME = "$(TARGET_NAME)";
			};
			name = Debug;
		};
		85E455661E24892D00F3AC6E /* Release */ = {
			isa = XCBuildConfiguration;
			baseConfigurationReference = 57AA9E13C15E43666C59DEB9 /* Pods-SYLJQRCode.release.xcconfig */;
			buildSettings = {
				ASSETCATALOG_COMPILER_APPICON_NAME = AppIcon;
				DEVELOPMENT_TEAM = 5KGS3CDGJG;
				INFOPLIST_FILE = SYLJQRCode/Info.plist;
				LD_RUNPATH_SEARCH_PATHS = "$(inherited) @executable_path/Frameworks";
				PRODUCT_BUNDLE_IDENTIFIER = xinghuwan.SYLJQRCode;
				PRODUCT_NAME = "$(TARGET_NAME)";
			};
			name = Release;
		};
/* End XCBuildConfiguration section */

/* Begin XCConfigurationList section */
		85E455481E24892D00F3AC6E /* Build configuration list for PBXProject "SYLJQRCode" */ = {
			isa = XCConfigurationList;
			buildConfigurations = (
				85E455621E24892D00F3AC6E /* Debug */,
				85E455631E24892D00F3AC6E /* Release */,
			);
			defaultConfigurationIsVisible = 0;
			defaultConfigurationName = Release;
		};
		85E455641E24892D00F3AC6E /* Build configuration list for PBXNativeTarget "SYLJQRCode" */ = {
			isa = XCConfigurationList;
			buildConfigurations = (
				85E455651E24892D00F3AC6E /* Debug */,
				85E455661E24892D00F3AC6E /* Release */,
			);
			defaultConfigurationIsVisible = 0;
			defaultConfigurationName = Release;
		};
/* End XCConfigurationList section */
	};
	rootObject = 85E455451E24892D00F3AC6E /* Project object */;
}
